
Microsoft Visual Studio Solution File, Format Version 12.00
# Visual Studio Version 17
VisualStudioVersion = 17.14.36221.1 d17.14
MinimumVisualStudioVersion = 10.0.40219.1
Project("{FAE04EC0-301F-11D3-BF4B-00C04F79EFBC}") = "Bagarre_au_bar", "Bagarre_au_bar.csproj", "{498CE53B-799F-4EC8-8D0A-38591297AB03}"
EndProject
Global
	GlobalSection(SolutionConfigurationPlatforms) = preSolution
		Debug|Any CPU = Debug|Any CPU
		Release|Any CPU = Release|Any CPU
	EndGlobalSection
	GlobalSection(ProjectConfigurationPlatforms) = postSolution
		{498CE53B-799F-4EC8-8D0A-38591297AB03}.Debug|Any CPU.ActiveCfg = Debug|Any CPU
		{498CE53B-799F-4EC8-8D0A-38591297AB03}.Debug|Any CPU.Build.0 = Debug|Any CPU
		{498CE53B-799F-4EC8-8D0A-38591297AB03}.Release|Any CPU.ActiveCfg = Release|Any CPU
		{498CE53B-799F-4EC8-8D0A-38591297AB03}.Release|Any CPU.Build.0 = Release|Any CPU
	EndGlobalSection
	GlobalSection(SolutionProperties) = preSolution
		HideSolutionNode = FALSE
	EndGlobalSection
	GlobalSection(ExtensibilityGlobals) = postSolution
		SolutionGuid = {9F20BD89-6E0C-4257-807E-F78B44D79D19}
	EndGlobalSection
EndGlobal
